
Microsoft Visual Studio Solution File, Format Version 12.00
# Visual Studio 2015
Project("{FAE04EC0-301F-11D3-BF4B-00C04F79EFBC}") = "ShapeGrammar", "ShapeGrammar.csproj", "{BA2BD479-B88F-A93C-E4F4-DF69C72BE672}"
EndProject
Global
	GlobalSection(SolutionConfigurationPlatforms) = preSolution
		Debug|Any CPU = Debug|Any CPU
		Release|Any CPU = Release|Any CPU
	EndGlobalSection
	GlobalSection(ProjectConfigurationPlatforms) = postSolution
		{BA2BD479-B88F-A93C-E4F4-DF69C72BE672}.Debug|Any CPU.ActiveCfg = Debug|Any CPU
		{BA2BD479-B88F-A93C-E4F4-DF69C72BE672}.Debug|Any CPU.Build.0 = Debug|Any CPU
		{BA2BD479-B88F-A93C-E4F4-DF69C72BE672}.Release|Any CPU.ActiveCfg = Release|Any CPU
		{BA2BD479-B88F-A93C-E4F4-DF69C72BE672}.Release|Any CPU.Build.0 = Release|Any CPU
	EndGlobalSection
	GlobalSection(SolutionProperties) = preSolution
		HideSolutionNode = FALSE
	EndGlobalSection
EndGlobal
